
Microsoft Visual Studio Solution File, Format Version 12.00
# Visual Studio Version 17
VisualStudioVersion = 17.8.34525.116
MinimumVisualStudioVersion = 10.0.40219.1
Project("{FAE04EC0-301F-11D3-BF4B-00C04F79EFBC}") = "Sort_Ex", "Sort_Ex.csproj", "{650F9C1C-FC25-4C9C-B166-D6224AEB07CF}"
EndProject
Global
	GlobalSection(SolutionConfigurationPlatforms) = preSolution
		Debug|Any CPU = Debug|Any CPU
		Release|Any CPU = Release|Any CPU
	EndGlobalSection
	GlobalSection(ProjectConfigurationPlatforms) = postSolution
		{650F9C1C-FC25-4C9C-B166-D6224AEB07CF}.Debug|Any CPU.ActiveCfg = Debug|Any CPU
		{650F9C1C-FC25-4C9C-B166-D6224AEB07CF}.Debug|Any CPU.Build.0 = Debug|Any CPU
		{650F9C1C-FC25-4C9C-B166-D6224AEB07CF}.Release|Any CPU.ActiveCfg = Release|Any CPU
		{650F9C1C-FC25-4C9C-B166-D6224AEB07CF}.Release|Any CPU.Build.0 = Release|Any CPU
	EndGlobalSection
	GlobalSection(SolutionProperties) = preSolution
		HideSolutionNode = FALSE
	EndGlobalSection
	GlobalSection(ExtensibilityGlobals) = postSolution
		SolutionGuid = {08A84C8E-667B-489C-B0A8-320664B6C8B5}
	EndGlobalSection
EndGlobal
